
Microsoft Visual Studio Solution File, Format Version 12.00
# Visual Studio Version 17
VisualStudioVersion = 17.11.35303.130
MinimumVisualStudioVersion = 10.0.40219.1
Project("{FAE04EC0-301F-11D3-BF4B-00C04F79EFBC}") = "PictureConverterHelperWinUI", "PictureConverterHelperWinUI\PictureConverterHelperWinUI.csproj", "{2ED79ABE-61DC-4F6C-867B-701D78F576E5}"
EndProject
Global
	GlobalSection(SolutionConfigurationPlatforms) = preSolution
		Debug|ARM64 = Debug|ARM64
		Debug|x64 = Debug|x64
		Debug|x86 = Debug|x86
		Release|ARM64 = Release|ARM64
		Release|x64 = Release|x64
		Release|x86 = Release|x86
	EndGlobalSection
	GlobalSection(ProjectConfigurationPlatforms) = postSolution
		{2ED79ABE-61DC-4F6C-867B-701D78F576E5}.Debug|ARM64.ActiveCfg = Debug|ARM64
		{2ED79ABE-61DC-4F6C-867B-701D78F576E5}.Debug|ARM64.Build.0 = Debug|ARM64
		{2ED79ABE-61DC-4F6C-867B-701D78F576E5}.Debug|ARM64.Deploy.0 = Debug|ARM64
		{2ED79ABE-61DC-4F6C-867B-701D78F576E5}.Debug|x64.ActiveCfg = Debug|x64
		{2ED79ABE-61DC-4F6C-867B-701D78F576E5}.Debug|x64.Build.0 = Debug|x64
		{2ED79ABE-61DC-4F6C-867B-701D78F576E5}.Debug|x64.Deploy.0 = Debug|x64
		{2ED79ABE-61DC-4F6C-867B-701D78F576E5}.Debug|x86.ActiveCfg = Debug|x86
		{2ED79ABE-61DC-4F6C-867B-701D78F576E5}.Debug|x86.Build.0 = Debug|x86
		{2ED79ABE-61DC-4F6C-867B-701D78F576E5}.Debug|x86.Deploy.0 = Debug|x86
		{2ED79ABE-61DC-4F6C-867B-701D78F576E5}.Release|ARM64.ActiveCfg = Release|ARM64
		{2ED79ABE-61DC-4F6C-867B-701D78F576E5}.Release|ARM64.Build.0 = Release|ARM64
		{2ED79ABE-61DC-4F6C-867B-701D78F576E5}.Release|ARM64.Deploy.0 = Release|ARM64
		{2ED79ABE-61DC-4F6C-867B-701D78F576E5}.Release|x64.ActiveCfg = Release|x64
		{2ED79ABE-61DC-4F6C-867B-701D78F576E5}.Release|x64.Build.0 = Release|x64
		{2ED79ABE-61DC-4F6C-867B-701D78F576E5}.Release|x64.Deploy.0 = Release|x64
		{2ED79ABE-61DC-4F6C-867B-701D78F576E5}.Release|x86.ActiveCfg = Release|x86
		{2ED79ABE-61DC-4F6C-867B-701D78F576E5}.Release|x86.Build.0 = Release|x86
		{2ED79ABE-61DC-4F6C-867B-701D78F576E5}.Release|x86.Deploy.0 = Release|x86
	EndGlobalSection
	GlobalSection(SolutionProperties) = preSolution
		HideSolutionNode = FALSE
	EndGlobalSection
	GlobalSection(ExtensibilityGlobals) = postSolution
		SolutionGuid = {D8C1758D-0C05-46D6-BE41-F54E61CD5A75}
	EndGlobalSection
EndGlobal
